dependencies:
- name: postgresql
  repository: https://charts.bitnami.com/bitnami
  version: 18.5.1
- name: redis
  repository: https://charts.bitnami.com/bitnami
  version: 25.3.2
- name: qdrant
  repository: https://qdrant.github.io/qdrant-helm
  version: 1.17.0
- name: zitadel
  repository: https://charts.zitadel.com
  version: 9.24.0
digest: sha256:446b318e36cce987042436cb12e7849d7f83f5b12e0c92052d25207e1c875c15
generated: "2026-02-27T23:43:55.430366+05:00"
