dependencies:
- name: postgresql
  repository: https://charts.bitnami.com/bitnami
  version: 18.5.1
- name: redis
  repository: https://charts.bitnami.com/bitnami
  version: 25.3.2
- name: qdrant
  repository: https://qdrant.github.io/qdrant-helm
  version: 1.17.0
- name: zitadel
  repository: https://charts.zitadel.com
  version: 9.24.0
digest: sha256:b688fceabc515ced3b5f91d4bb10af146ac20e1a5969f15c6e92b2a7d57ab153
generated: "2026-02-28T18:04:47.891327+05:00"
